
Microsoft Visual Studio Solution File, Format Version 12.00
# Visual Studio Version 17
VisualStudioVersion = 17.5.33530.505
MinimumVisualStudioVersion = 10.0.40219.1
Project("{FAE04EC0-301F-11D3-BF4B-00C04F79EFBC}") = "Nitro.Minimal", "Nitro.Minimal\Nitro.Minimal.csproj", "{E13E6E7C-C2AC-47BC-8221-A640A5270C20}"
EndProject
Global
	GlobalSection(SolutionConfigurationPlatforms) = preSolution
		Debug|Any CPU = Debug|Any CPU
		Release|Any CPU = Release|Any CPU
	EndGlobalSection
	GlobalSection(ProjectConfigurationPlatforms) = postSolution
		{E13E6E7C-C2AC-47BC-8221-A640A5270C20}.Debug|Any CPU.ActiveCfg = Debug|Any CPU
		{E13E6E7C-C2AC-47BC-8221-A640A5270C20}.Debug|Any CPU.Build.0 = Debug|Any CPU
		{E13E6E7C-C2AC-47BC-8221-A640A5270C20}.Release|Any CPU.ActiveCfg = Release|Any CPU
		{E13E6E7C-C2AC-47BC-8221-A640A5270C20}.Release|Any CPU.Build.0 = Release|Any CPU
	EndGlobalSection
	GlobalSection(SolutionProperties) = preSolution
		HideSolutionNode = FALSE
	EndGlobalSection
	GlobalSection(ExtensibilityGlobals) = postSolution
		SolutionGuid = {8EB9C459-72B7-4305-A0A1-900DBD0CB76E}
	EndGlobalSection
EndGlobal
